[[package]]
name = "cbox"
version = "0.3.0"
dependencies = [
 "libc 0.2.12 (registry+https://github.com/rust-lang/crates.io-index)",
 "stable_deref_trait 1.1.0 (registry+https://github.com/rust-lang/crates.io-index)",
]

[[package]]
name = "libc"
version = "0.2.12"
source = "registry+https://github.com/rust-lang/crates.io-index"

[[package]]
name = "stable_deref_trait"
version = "1.1.0"
source = "registry+https://github.com/rust-lang/crates.io-index"

[metadata]
"checksum libc 0.2.12 (registry+https://github.com/rust-lang/crates.io-index)" = "97def9dc7ce1d8e153e693e3a33020bc69972181adb2f871e87e888876feae49"
"checksum stable_deref_trait 1.1.0 (registry+https://github.com/rust-lang/crates.io-index)" = "ffbc596e092fe5f598b12ef46cc03754085ac2f4d8c739ad61c4ae266cc3b3fa"
